
Microsoft Visual Studio Solution File, Format Version 12.00
# Visual Studio 2012
Project("{2150E333-8FDC-42A3-9474-1A3956D46DE8}") = "2. Biz", "2. Biz", "{2524DED4-FEB0-4868-A979-48C471B86BE9}"
EndProject
Project("{2150E333-8FDC-42A3-9474-1A3956D46DE8}") = "1. Presentation", "1. Presentation", "{B51B3750-D34B-49E5-8F66-13BE1C856755}"
EndProject
Project("{2150E333-8FDC-42A3-9474-1A3956D46DE8}") = "3. Entity", "3. Entity", "{A5FEE9D6-4A24-4DF1-B2F9-E1E1A5FFD71B}"
EndProject
Project("{2150E333-8FDC-42A3-9474-1A3956D46DE8}") = "4. Dao", "4. Dao", "{0CF10B2D-79E7-461A-9C5B-5C39F7E46541}"
EndProject
Project("{2150E333-8FDC-42A3-9474-1A3956D46DE8}") = "Library", "Library", "{8CFD68BD-F617-4F4E-ACA3-79B499888C66}"
EndProject
Project("{FAE04EC0-301F-11D3-BF4B-00C04F79EFBC}") = "ABM.Biz", "ABM.Biz\ABM.Biz.csproj", "{B8BE35CA-DBB3-4BC7-BD9A-BAD873BA85D2}"
EndProject
Project("{FAE04EC0-301F-11D3-BF4B-00C04F79EFBC}") = "ABM.Entity", "ABM.Entity\ABM.Entity.csproj", "{F963DF95-8484-41C6-AE8F-78F4FC60A095}"
EndProject
Project("{FAE04EC0-301F-11D3-BF4B-00C04F79EFBC}") = "ABM.Dao", "ABM.Dao\ABM.Dao.csproj", "{7D8FDC4C-8DFD-460B-ADF3-BE99F80DB54F}"
EndProject
Project("{FAE04EC0-301F-11D3-BF4B-00C04F79EFBC}") = "ABM.Common", "ABM.Common\ABM.Common.csproj", "{4F92A49E-41E6-4C2C-A90A-EF512B884D22}"
EndProject
Project("{FAE04EC0-301F-11D3-BF4B-00C04F79EFBC}") = "ABM_Web", "ABM_Web\ABM_Web.csproj", "{44B0A134-21DF-4296-8F34-9500D98B549C}"
EndProject
Project("{FAE04EC0-301F-11D3-BF4B-00C04F79EFBC}") = "ABM.Log", "ABM.Log\ABM.Log.csproj", "{3C917F94-1BA2-4329-AD14-D99EE6341A25}"
EndProject
Project("{FAE04EC0-301F-11D3-BF4B-00C04F79EFBC}") = "ABM.Cache", "ABM.Cache\ABM.Cache.csproj", "{BCF39C76-911E-4713-8092-73A95167D6EA}"
EndProject
Global
	GlobalSection(SolutionConfigurationPlatforms) = preSolution
		Debug|Any CPU = Debug|Any CPU
		Release|Any CPU = Release|Any CPU
	EndGlobalSection
	GlobalSection(ProjectConfigurationPlatforms) = postSolution
		{B8BE35CA-DBB3-4BC7-BD9A-BAD873BA85D2}.Debug|Any CPU.ActiveCfg = Debug|Any CPU
		{B8BE35CA-DBB3-4BC7-BD9A-BAD873BA85D2}.Debug|Any CPU.Build.0 = Debug|Any CPU
		{B8BE35CA-DBB3-4BC7-BD9A-BAD873BA85D2}.Release|Any CPU.ActiveCfg = Release|Any CPU
		{B8BE35CA-DBB3-4BC7-BD9A-BAD873BA85D2}.Release|Any CPU.Build.0 = Release|Any CPU
		{F963DF95-8484-41C6-AE8F-78F4FC60A095}.Debug|Any CPU.ActiveCfg = Debug|Any CPU
		{F963DF95-8484-41C6-AE8F-78F4FC60A095}.Debug|Any CPU.Build.0 = Debug|Any CPU
		{F963DF95-8484-41C6-AE8F-78F4FC60A095}.Release|Any CPU.ActiveCfg = Release|Any CPU
		{F963DF95-8484-41C6-AE8F-78F4FC60A095}.Release|Any CPU.Build.0 = Release|Any CPU
		{7D8FDC4C-8DFD-460B-ADF3-BE99F80DB54F}.Debug|Any CPU.ActiveCfg = Debug|Any CPU
		{7D8FDC4C-8DFD-460B-ADF3-BE99F80DB54F}.Debug|Any CPU.Build.0 = Debug|Any CPU
		{7D8FDC4C-8DFD-460B-ADF3-BE99F80DB54F}.Release|Any CPU.ActiveCfg = Release|Any CPU
		{7D8FDC4C-8DFD-460B-ADF3-BE99F80DB54F}.Release|Any CPU.Build.0 = Release|Any CPU
		{4F92A49E-41E6-4C2C-A90A-EF512B884D22}.Debug|Any CPU.ActiveCfg = Debug|Any CPU
		{4F92A49E-41E6-4C2C-A90A-EF512B884D22}.Debug|Any CPU.Build.0 = Debug|Any CPU
		{4F92A49E-41E6-4C2C-A90A-EF512B884D22}.Release|Any CPU.ActiveCfg = Release|Any CPU
		{4F92A49E-41E6-4C2C-A90A-EF512B884D22}.Release|Any CPU.Build.0 = Release|Any CPU
		{44B0A134-21DF-4296-8F34-9500D98B549C}.Debug|Any CPU.ActiveCfg = Debug|Any CPU
		{44B0A134-21DF-4296-8F34-9500D98B549C}.Debug|Any CPU.Build.0 = Debug|Any CPU
		{44B0A134-21DF-4296-8F34-9500D98B549C}.Release|Any CPU.ActiveCfg = Release|Any CPU
		{44B0A134-21DF-4296-8F34-9500D98B549C}.Release|Any CPU.Build.0 = Release|Any CPU
		{3C917F94-1BA2-4329-AD14-D99EE6341A25}.Debug|Any CPU.ActiveCfg = Debug|Any CPU
		{3C917F94-1BA2-4329-AD14-D99EE6341A25}.Debug|Any CPU.Build.0 = Debug|Any CPU
		{3C917F94-1BA2-4329-AD14-D99EE6341A25}.Release|Any CPU.ActiveCfg = Release|Any CPU
		{3C917F94-1BA2-4329-AD14-D99EE6341A25}.Release|Any CPU.Build.0 = Release|Any CPU
		{BCF39C76-911E-4713-8092-73A95167D6EA}.Debug|Any CPU.ActiveCfg = Debug|Any CPU
		{BCF39C76-911E-4713-8092-73A95167D6EA}.Debug|Any CPU.Build.0 = Debug|Any CPU
		{BCF39C76-911E-4713-8092-73A95167D6EA}.Release|Any CPU.ActiveCfg = Release|Any CPU
		{BCF39C76-911E-4713-8092-73A95167D6EA}.Release|Any CPU.Build.0 = Release|Any CPU
	EndGlobalSection
	GlobalSection(SolutionProperties) = preSolution
		HideSolutionNode = FALSE
	EndGlobalSection
	GlobalSection(NestedProjects) = preSolution
		{B8BE35CA-DBB3-4BC7-BD9A-BAD873BA85D2} = {2524DED4-FEB0-4868-A979-48C471B86BE9}
		{44B0A134-21DF-4296-8F34-9500D98B549C} = {B51B3750-D34B-49E5-8F66-13BE1C856755}
		{F963DF95-8484-41C6-AE8F-78F4FC60A095} = {A5FEE9D6-4A24-4DF1-B2F9-E1E1A5FFD71B}
		{7D8FDC4C-8DFD-460B-ADF3-BE99F80DB54F} = {0CF10B2D-79E7-461A-9C5B-5C39F7E46541}
		{4F92A49E-41E6-4C2C-A90A-EF512B884D22} = {8CFD68BD-F617-4F4E-ACA3-79B499888C66}
		{3C917F94-1BA2-4329-AD14-D99EE6341A25} = {8CFD68BD-F617-4F4E-ACA3-79B499888C66}
		{BCF39C76-911E-4713-8092-73A95167D6EA} = {8CFD68BD-F617-4F4E-ACA3-79B499888C66}
	EndGlobalSection
EndGlobal
